
Microsoft Visual Studio Solution File, Format Version 12.00
# Visual Studio Version 17
VisualStudioVersion = 17.7.34031.279
MinimumVisualStudioVersion = 10.0.40219.1
Project("{FAE04EC0-301F-11D3-BF4B-00C04F79EFBC}") = "net-ef-videogame", "net-ef-videogame\net-ef-videogame.csproj", "{FCA4C461-60DB-453F-911F-F77EB174659D}"
EndProject
Global
	GlobalSection(SolutionConfigurationPlatforms) = preSolution
		Debug|Any CPU = Debug|Any CPU
		Release|Any CPU = Release|Any CPU
	EndGlobalSection
	GlobalSection(ProjectConfigurationPlatforms) = postSolution
		{FCA4C461-60DB-453F-911F-F77EB174659D}.Debug|Any CPU.ActiveCfg = Debug|Any CPU
		{FCA4C461-60DB-453F-911F-F77EB174659D}.Debug|Any CPU.Build.0 = Debug|Any CPU
		{FCA4C461-60DB-453F-911F-F77EB174659D}.Release|Any CPU.ActiveCfg = Release|Any CPU
		{FCA4C461-60DB-453F-911F-F77EB174659D}.Release|Any CPU.Build.0 = Release|Any CPU
	EndGlobalSection
	GlobalSection(SolutionProperties) = preSolution
		HideSolutionNode = FALSE
	EndGlobalSection
	GlobalSection(ExtensibilityGlobals) = postSolution
		SolutionGuid = {08522326-07D9-4984-8D2F-C0A9712B28A2}
	EndGlobalSection
EndGlobal
